
Microsoft Visual Studio Solution File, Format Version 12.00
# Visual Studio Version 17
VisualStudioVersion = 17.5.33424.131
MinimumVisualStudioVersion = 10.0.40219.1
Project("{FAE04EC0-301F-11D3-BF4B-00C04F79EFBC}") = "demo1", "demo1.csproj", "{6FD17B1A-4A06-496F-99D5-47DD29049395}"
EndProject
Global
	GlobalSection(SolutionConfigurationPlatforms) = preSolution
		Debug|Any CPU = Debug|Any CPU
		Release|Any CPU = Release|Any CPU
	EndGlobalSection
	GlobalSection(ProjectConfigurationPlatforms) = postSolution
		{6FD17B1A-4A06-496F-99D5-47DD29049395}.Debug|Any CPU.ActiveCfg = Debug|Any CPU
		{6FD17B1A-4A06-496F-99D5-47DD29049395}.Debug|Any CPU.Build.0 = Debug|Any CPU
		{6FD17B1A-4A06-496F-99D5-47DD29049395}.Release|Any CPU.ActiveCfg = Release|Any CPU
		{6FD17B1A-4A06-496F-99D5-47DD29049395}.Release|Any CPU.Build.0 = Release|Any CPU
	EndGlobalSection
	GlobalSection(SolutionProperties) = preSolution
		HideSolutionNode = FALSE
	EndGlobalSection
	GlobalSection(ExtensibilityGlobals) = postSolution
		SolutionGuid = {BF51ACD8-7D5A-485F-A6F1-42AABBD5F391}
	EndGlobalSection
EndGlobal
